
Microsoft Visual Studio Solution File, Format Version 12.00
# Visual Studio Version 17
VisualStudioVersion = 17.3.32819.101
MinimumVisualStudioVersion = 10.0.40219.1
Project("{FAE04EC0-301F-11D3-BF4B-00C04F79EFBC}") = "MCSRLauncherBackup", "MCSRLauncherBackup.csproj", "{0A78969B-30A6-45A6-9834-B750D7100997}"
EndProject
Global
	GlobalSection(SolutionConfigurationPlatforms) = preSolution
		Debug|Any CPU = Debug|Any CPU
		Release|Any CPU = Release|Any CPU
	EndGlobalSection
	GlobalSection(ProjectConfigurationPlatforms) = postSolution
		{0A78969B-30A6-45A6-9834-B750D7100997}.Debug|Any CPU.ActiveCfg = Debug|Any CPU
		{0A78969B-30A6-45A6-9834-B750D7100997}.Debug|Any CPU.Build.0 = Debug|Any CPU
		{0A78969B-30A6-45A6-9834-B750D7100997}.Release|Any CPU.ActiveCfg = Release|Any CPU
		{0A78969B-30A6-45A6-9834-B750D7100997}.Release|Any CPU.Build.0 = Release|Any CPU
	EndGlobalSection
	GlobalSection(SolutionProperties) = preSolution
		HideSolutionNode = FALSE
	EndGlobalSection
	GlobalSection(ExtensibilityGlobals) = postSolution
		SolutionGuid = {0298DD7E-AB25-430F-ACD9-A4485E7A3B55}
	EndGlobalSection
EndGlobal
